
Microsoft Visual Studio Solution File, Format Version 12.00
# Visual Studio Version 16
VisualStudioVersion = 16.0.31112.23
MinimumVisualStudioVersion = 10.0.40219.1
Project("{FAE04EC0-301F-11D3-BF4B-00C04F79EFBC}") = "XorEncryptedShellcodeInjector", "XorEncryptedShellcodeInjector\XorEncryptedShellcodeInjector.csproj", "{025C4A1D-12CB-41FF-B9A9-29678ACDAACE}"
EndProject
Global
	GlobalSection(SolutionConfigurationPlatforms) = preSolution
		Debug|Any CPU = Debug|Any CPU
		Release|Any CPU = Release|Any CPU
	EndGlobalSection
	GlobalSection(ProjectConfigurationPlatforms) = postSolution
		{025C4A1D-12CB-41FF-B9A9-29678ACDAACE}.Debug|Any CPU.ActiveCfg = Debug|Any CPU
		{025C4A1D-12CB-41FF-B9A9-29678ACDAACE}.Debug|Any CPU.Build.0 = Debug|Any CPU
		{025C4A1D-12CB-41FF-B9A9-29678ACDAACE}.Release|Any CPU.ActiveCfg = Release|Any CPU
		{025C4A1D-12CB-41FF-B9A9-29678ACDAACE}.Release|Any CPU.Build.0 = Release|Any CPU
	EndGlobalSection
	GlobalSection(SolutionProperties) = preSolution
		HideSolutionNode = FALSE
	EndGlobalSection
	GlobalSection(ExtensibilityGlobals) = postSolution
		SolutionGuid = {3396AC09-96B2-425B-8AEB-AE748F34812D}
	EndGlobalSection
EndGlobal
